
Microsoft Visual Studio Solution File, Format Version 12.00
Project("{FAE04EC0-301F-11D3-BF4B-00C04F79EFBC}") = "ReportWebApi", "ReportWebApi\ReportWebApi.csproj", "{D47F0B13-D9B0-4168-8FF4-D2055FD9970A}"
EndProject
Global
	GlobalSection(SolutionConfigurationPlatforms) = preSolution
		Debug|Any CPU = Debug|Any CPU
		Release|Any CPU = Release|Any CPU
	EndGlobalSection
	GlobalSection(ProjectConfigurationPlatforms) = postSolution
		{D47F0B13-D9B0-4168-8FF4-D2055FD9970A}.Debug|Any CPU.ActiveCfg = Debug|Any CPU
		{D47F0B13-D9B0-4168-8FF4-D2055FD9970A}.Debug|Any CPU.Build.0 = Debug|Any CPU
		{D47F0B13-D9B0-4168-8FF4-D2055FD9970A}.Release|Any CPU.ActiveCfg = Release|Any CPU
		{D47F0B13-D9B0-4168-8FF4-D2055FD9970A}.Release|Any CPU.Build.0 = Release|Any CPU
	EndGlobalSection
EndGlobal
